// !$*UTF8*$!
{
	archiveVersion = 1;
	classes = {
	};
	objectVersion = 56;
	objects = {

/* Begin PBXBuildFile section */
		E9C5740B2A000795007A42BD /* TaskCell.swift in Sources */ = {isa = PBXBuildFile; fileRef = E9C5740A2A000795007A42BD /* TaskCell.swift */; };
		E9C5740F2A000D94007A42BD /* TaskTabBarController.swift in Sources */ = {isa = PBXBuildFile; fileRef = E9C5740E2A000D94007A42BD /* TaskTabBarController.swift */; };
		E9D4ADA42A3CBE6900587ABF /* TaskListViewController.swift in Sources */ = {isa = PBXBuildFile; fileRef = E9D4AD942A3CBE6900587ABF /* TaskListViewController.swift */; };
		E9D4ADA52A3CBE6900587ABF /* TaskDetailViewController.swift in Sources */ = {isa = PBXBuildFile; fileRef = E9D4AD952A3CBE6900587ABF /* TaskDetailViewController.swift */; };
		E9D4ADA62A3CBE6900587ABF /* AppDelegate.swift in Sources */ = {isa = PBXBuildFile; fileRef = E9D4AD962A3CBE6900587ABF /* AppDelegate.swift */; };
		E9D4ADA72A3CBE6900587ABF /* Info.plist in Resources */ = {isa = PBXBuildFile; fileRef = E9D4AD992A3CBE6900587ABF /* Info.plist */; };
		E9D4ADA82A3CBE6900587ABF /* Assets.xcassets in Resources */ = {isa = PBXBuildFile; fileRef = E9D4AD9B2A3CBE6900587ABF /* Assets.xcassets */; };
		E9D4ADA92A3CBE6900587ABF /* LaunchScreen.storyboard in Resources */ = {isa = PBXBuildFile; fileRef = E9D4AD9C2A3CBE6900587ABF /* LaunchScreen.storyboard */; };
		E9D4ADAA2A3CBE6900587ABF /* Task.swift in Sources */ = {isa = PBXBuildFile; fileRef = E9D4AD9E2A3CBE6900587ABF /* Task.swift */; };
		E9D4ADAB2A3CBE6900587ABF /* CompletedListViewController.swift in Sources */ = {isa = PBXBuildFile; fileRef = E9D4AD9F2A3CBE6900587ABF /* CompletedListViewController.swift */; };
		E9D4ADAC2A3CBE6900587ABF /* AddTaskViewController.swift in Sources */ = {isa = PBXBuildFile; fileRef = E9D4ADA02A3CBE6900587ABF /* AddTaskViewController.swift */; };
		E9D4ADAD2A3CBE6900587ABF /* SceneDelegate.swift in Sources */ = {isa = PBXBuildFile; fileRef = E9D4ADA12A3CBE6900587ABF /* SceneDelegate.swift */; };
		E9D4ADAE2A3CBE6900587ABF /* TaskManager.swift in Sources */ = {isa = PBXBuildFile; fileRef = E9D4ADA22A3CBE6900587ABF /* TaskManager.swift */; };
/* End PBXBuildFile section */

/* Begin PBXFileReference section */
		E9C573ED2A00014C007A42BD /* Task.app */ = {isa = PBXFileReference; explicitFileType = wrapper.application; includeInIndex = 0; path = Task.app; sourceTree = BUILT_PRODUCTS_DIR; };
		E9C5740A2A000795007A42BD /* TaskCell.swift */ = {isa = PBXFileReference; lastKnownFileType = sourcecode.swift; path = TaskCell.swift; sourceTree = "<group>"; };
		E9C5740E2A000D94007A42BD /* TaskTabBarController.swift */ = {isa = PBXFileReference; lastKnownFileType = sourcecode.swift; path = TaskTabBarController.swift; sourceTree = "<group>"; };
		E9D4AD942A3CBE6900587ABF /* TaskListViewController.swift */ = {isa = PBXFileReference; fileEncoding = 4; lastKnownFileType = sourcecode.swift; path = TaskListViewController.swift; sourceTree = "<group>"; };
		E9D4AD952A3CBE6900587ABF /* TaskDetailViewController.swift */ = {isa = PBXFileReference; fileEncoding = 4; lastKnownFileType = sourcecode.swift; path = TaskDetailViewController.swift; sourceTree = "<group>"; };
		E9D4AD962A3CBE6900587ABF /* AppDelegate.swift */ = {isa = PBXFileReference; fileEncoding = 4; lastKnownFileType = sourcecode.swift; path = AppDelegate.swift; sourceTree = "<group>"; };
		E9D4AD992A3CBE6900587ABF /* Info.plist */ = {isa = PBXFileReference; fileEncoding = 4; lastKnownFileType = text.plist.xml; path = Info.plist; sourceTree = "<group>"; };
		E9D4AD9B2A3CBE6900587ABF /* Assets.xcassets */ = {isa = PBXFileReference; lastKnownFileType = folder.assetcatalog; path = Assets.xcassets; sourceTree = "<group>"; };
		E9D4AD9C2A3CBE6900587ABF /* LaunchScreen.storyboard */ = {isa = PBXFileReference; fileEncoding = 4; lastKnownFileType = file.storyboard; path = LaunchScreen.storyboard; sourceTree = "<group>"; };
		E9D4AD9E2A3CBE6900587ABF /* Task.swift */ = {isa = PBXFileReference; fileEncoding = 4; lastKnownFileType = sourcecode.swift; path = Task.swift; sourceTree = "<group>"; };
		E9D4AD9F2A3CBE6900587ABF /* CompletedListViewController.swift */ = {isa = PBXFileReference; fileEncoding = 4; lastKnownFileType = sourcecode.swift; path = CompletedListViewController.swift; sourceTree = "<group>"; };
		E9D4ADA02A3CBE6900587ABF /* AddTaskViewController.swift */ = {isa = PBXFileReference; fileEncoding = 4; lastKnownFileType = sourcecode.swift; path = AddTaskViewController.swift; sourceTree = "<group>"; };
		E9D4ADA12A3CBE6900587ABF /* SceneDelegate.swift */ = {isa = PBXFileReference; fileEncoding = 4; lastKnownFileType = sourcecode.swift; path = SceneDelegate.swift; sourceTree = "<group>"; };
		E9D4ADA22A3CBE6900587ABF /* TaskManager.swift */ = {isa = PBXFileReference; fileEncoding = 4; lastKnownFileType = sourcecode.swift; path = TaskManager.swift; sourceTree = "<group>"; };
/* End PBXFileReference section */

/* Begin PBXFrameworksBuildPhase section */
		E9C573EA2A00014C007A42BD /* Frameworks */ = {
			isa = PBXFrameworksBuildPhase;
			buildActionMask = 2147483647;
			files = (
			);
			runOnlyForDeploymentPostprocessing = 0;
		};
/* End PBXFrameworksBuildPhase section */

/* Begin PBXGroup section */
		E9C573E42A00014C007A42BD = {
			isa = PBXGroup;
			children = (
				E9C573EF2A00014C007A42BD /* Task */,
				E9C573EE2A00014C007A42BD /* Products */,
			);
			sourceTree = "<group>";
		};
		E9C573EE2A00014C007A42BD /* Products */ = {
			isa = PBXGroup;
			children = (
				E9C573ED2A00014C007A42BD /* Task.app */,
			);
			name = Products;
			sourceTree = "<group>";
		};
		E9C573EF2A00014C007A42BD /* Task */ = {
			isa = PBXGroup;
			children = (
				E9D4ADB02A3CC0DA00587ABF /* Controller */,
				E9D4AD9D2A3CBE6900587ABF /* Manager */,
				E9D4AD982A3CBE6900587ABF /* Models */,
				E9D4ADB12A3CC0E900587ABF /* View */,
				E9D4AD9A2A3CBE6900587ABF /* Support */,
				E9D4AD992A3CBE6900587ABF /* Info.plist */,
			);
			path = Task;
			sourceTree = "<group>";
		};
		E9D4AD982A3CBE6900587ABF /* Models */ = {
			isa = PBXGroup;
			children = (
				E9D4AD9E2A3CBE6900587ABF /* Task.swift */,
			);
			path = Models;
			sourceTree = "<group>";
		};
		E9D4AD9A2A3CBE6900587ABF /* Support */ = {
			isa = PBXGroup;
			children = (
				E9D4AD962A3CBE6900587ABF /* AppDelegate.swift */,
				E9D4AD9B2A3CBE6900587ABF /* Assets.xcassets */,
				E9D4AD9C2A3CBE6900587ABF /* LaunchScreen.storyboard */,
				E9D4ADA12A3CBE6900587ABF /* SceneDelegate.swift */,
			);
			path = Support;
			sourceTree = "<group>";
		};
		E9D4AD9D2A3CBE6900587ABF /* Manager */ = {
			isa = PBXGroup;
			children = (
				E9D4ADA22A3CBE6900587ABF /* TaskManager.swift */,
			);
			path = Manager;
			sourceTree = "<group>";
		};
		E9D4ADB02A3CC0DA00587ABF /* Controller */ = {
			isa = PBXGroup;
			children = (
				E9D4ADA02A3CBE6900587ABF /* AddTaskViewController.swift */,
				E9D4AD9F2A3CBE6900587ABF /* CompletedListViewController.swift */,
				E9D4AD952A3CBE6900587ABF /* TaskDetailViewController.swift */,
				E9D4AD942A3CBE6900587ABF /* TaskListViewController.swift */,
			);
			path = Controller;
			sourceTree = "<group>";
		};
		E9D4ADB12A3CC0E900587ABF /* View */ = {
			isa = PBXGroup;
			children = (
				E9C5740E2A000D94007A42BD /* TaskTabBarController.swift */,
				E9C5740A2A000795007A42BD /* TaskCell.swift */,
			);
			path = View;
			sourceTree = "<group>";
		};
/* End PBXGroup section */

/* Begin PBXNativeTarget section */
		E9C573EC2A00014C007A42BD /* Task */ = {
			isa = PBXNativeTarget;
			buildConfigurationList = E9C574012A00014D007A42BD /* Build configuration list for PBXNativeTarget "Task" */;
			buildPhases = (
				E9C573E92A00014C007A42BD /* Sources */,
				E9C573EA2A00014C007A42BD /* Frameworks */,
				E9C573EB2A00014C007A42BD /* Resources */,
			);
			buildRules = (
			);
			dependencies = (
			);
			name = Task;
			productName = Task;
			productReference = E9C573ED2A00014C007A42BD /* Task.app */;
			productType = "com.apple.product-type.application";
		};
/* End PBXNativeTarget section */

/* Begin PBXProject section */
		E9C573E52A00014C007A42BD /* Project object */ = {
			isa = PBXProject;
			attributes = {
				BuildIndependentTargetsInParallel = 1;
				LastSwiftUpdateCheck = 1430;
				LastUpgradeCheck = 1430;
				TargetAttributes = {
					E9C573EC2A00014C007A42BD = {
						CreatedOnToolsVersion = 14.3;
					};
				};
			};
			buildConfigurationList = E9C573E82A00014C007A42BD /* Build configuration list for PBXProject "Task" */;
			compatibilityVersion = "Xcode 14.0";
			developmentRegion = en;
			hasScannedForEncodings = 0;
			knownRegions = (
				en,
				Base,
			);
			mainGroup = E9C573E42A00014C007A42BD;
			productRefGroup = E9C573EE2A00014C007A42BD /* Products */;
			projectDirPath = "";
			projectRoot = "";
			targets = (
				E9C573EC2A00014C007A42BD /* Task */,
			);
		};
/* End PBXProject section */

/* Begin PBXResourcesBuildPhase section */
		E9C573EB2A00014C007A42BD /* Resources */ = {
			isa = PBXResourcesBuildPhase;
			buildActionMask = 2147483647;
			files = (
				E9D4ADA82A3CBE6900587ABF /* Assets.xcassets in Resources */,
				E9D4ADA92A3CBE6900587ABF /* LaunchScreen.storyboard in Resources */,
				E9D4ADA72A3CBE6900587ABF /* Info.plist in Resources */,
			);
			runOnlyForDeploymentPostprocessing = 0;
		};
/* End PBXResourcesBuildPhase section */

/* Begin PBXSourcesBuildPhase section */
		E9C573E92A00014C007A42BD /* Sources */ = {
			isa = PBXSourcesBuildPhase;
			buildActionMask = 2147483647;
			files = (
				E9C5740F2A000D94007A42BD /* TaskTabBarController.swift in Sources */,
				E9D4ADA62A3CBE6900587ABF /* AppDelegate.swift in Sources */,
				E9D4ADA42A3CBE6900587ABF /* TaskListViewController.swift in Sources */,
				E9D4ADAA2A3CBE6900587ABF /* Task.swift in Sources */,
				E9D4ADAE2A3CBE6900587ABF /* TaskManager.swift in Sources */,
				E9D4ADAD2A3CBE6900587ABF /* SceneDelegate.swift in Sources */,
				E9D4ADA52A3CBE6900587ABF /* TaskDetailViewController.swift in Sources */,
				E9D4ADAC2A3CBE6900587ABF /* AddTaskViewController.swift in Sources */,
				E9D4ADAB2A3CBE6900587ABF /* CompletedListViewController.swift in Sources */,
				E9C5740B2A000795007A42BD /* TaskCell.swift in Sources */,
			);
			runOnlyForDeploymentPostprocessing = 0;
		};
/* End PBXSourcesBuildPhase section */

/* Begin XCBuildConfiguration section */
		E9C573FF2A00014D007A42BD /* Debug */ = {
			isa = XCBuildConfiguration;
			buildSettings = {
				ALWAYS_SEARCH_USER_PATHS = NO;
				CLANG_ANALYZER_NONNULL = YES;
				CLANG_ANALYZER_NUMBER_OBJECT_CONVERSION = YES_AGGRESSIVE;
				CLANG_CXX_LANGUAGE_STANDARD = "gnu++20";
				CLANG_ENABLE_MODULES = YES;
				CLANG_ENABLE_OBJC_ARC = YES;
				CLANG_ENABLE_OBJC_WEAK = YES;
				CLANG_WARN_BLOCK_CAPTURE_AUTORELEASING = YES;
				CLANG_WARN_BOOL_CONVERSION = YES;
				CLANG_WARN_COMMA = YES;
				CLANG_WARN_CONSTANT_CONVERSION = YES;
				CLANG_WARN_DEPRECATED_OBJC_IMPLEMENTATIONS = YES;
				CLANG_WARN_DIRECT_OBJC_ISA_USAGE = YES_ERROR;
				CLANG_WARN_DOCUMENTATION_COMMENTS = YES;
				CLANG_WARN_EMPTY_BODY = YES;
				CLANG_WARN_ENUM_CONVERSION = YES;
				CLANG_WARN_INFINITE_RECURSION = YES;
				CLANG_WARN_INT_CONVERSION = YES;
				CLANG_WARN_NON_LITERAL_NULL_CONVERSION = YES;
				CLANG_WARN_OBJC_IMPLICIT_RETAIN_SELF = YES;
				CLANG_WARN_OBJC_LITERAL_CONVERSION = YES;
				CLANG_WARN_OBJC_ROOT_CLASS = YES_ERROR;
				CLANG_WARN_QUOTED_INCLUDE_IN_FRAMEWORK_HEADER = YES;
				CLANG_WARN_RANGE_LOOP_ANALYSIS = YES;
				CLANG_WARN_STRICT_PROTOTYPES = YES;
				CLANG_WARN_SUSPICIOUS_MOVE = YES;
				CLANG_WARN_UNGUARDED_AVAILABILITY = YES_AGGRESSIVE;
				CLANG_WARN_UNREACHABLE_CODE = YES;
				CLANG_WARN__DUPLICATE_METHOD_MATCH = YES;
				COPY_PHASE_STRIP = NO;
				DEBUG_INFORMATION_FORMAT = dwarf;
				ENABLE_STRICT_OBJC_MSGSEND = YES;
				ENABLE_TESTABILITY = YES;
				GCC_C_LANGUAGE_STANDARD = gnu11;
				GCC_DYNAMIC_NO_PIC = NO;
				GCC_NO_COMMON_BLOCKS = YES;
				GCC_OPTIMIZATION_LEVEL = 0;
				GCC_PREPROCESSOR_DEFINITIONS = (
					"DEBUG=1",
					"$(inherited)",
				);
				GCC_WARN_64_TO_32_BIT_CONVERSION = YES;
				GCC_WARN_ABOUT_RETURN_TYPE = YES_ERROR;
				GCC_WARN_UNDECLARED_SELECTOR = YES;
				GCC_WARN_UNINITIALIZED_AUTOS = YES_AGGRESSIVE;
				GCC_WARN_UNUSED_FUNCTION = YES;
				GCC_WARN_UNUSED_VARIABLE = YES;
				IPHONEOS_DEPLOYMENT_TARGET = 16.4;
				MTL_ENABLE_DEBUG_INFO = INCLUDE_SOURCE;
				MTL_FAST_MATH = YES;
				ONLY_ACTIVE_ARCH = YES;
				SDKROOT = iphoneos;
				SWIFT_ACTIVE_COMPILATION_CONDITIONS = DEBUG;
				SWIFT_OPTIMIZATION_LEVEL = "-Onone";
			};
			name = Debug;
		};
		E9C574002A00014D007A42BD /* Release */ = {
			isa = XCBuildConfiguration;
			buildSettings = {
				ALWAYS_SEARCH_USER_PATHS = NO;
				CLANG_ANALYZER_NONNULL = YES;
				CLANG_ANALYZER_NUMBER_OBJECT_CONVERSION = YES_AGGRESSIVE;
				CLANG_CXX_LANGUAGE_STANDARD = "gnu++20";
				CLANG_ENABLE_MODULES = YES;
				CLANG_ENABLE_OBJC_ARC = YES;
				CLANG_ENABLE_OBJC_WEAK = YES;
				CLANG_WARN_BLOCK_CAPTURE_AUTORELEASING = YES;
				CLANG_WARN_BOOL_CONVERSION = YES;
				CLANG_WARN_COMMA = YES;
				CLANG_WARN_CONSTANT_CONVERSION = YES;
				CLANG_WARN_DEPRECATED_OBJC_IMPLEMENTATIONS = YES;
				CLANG_WARN_DIRECT_OBJC_ISA_USAGE = YES_ERROR;
				CLANG_WARN_DOCUMENTATION_COMMENTS = YES;
				CLANG_WARN_EMPTY_BODY = YES;
				CLANG_WARN_ENUM_CONVERSION = YES;
				CLANG_WARN_INFINITE_RECURSION = YES;
				CLANG_WARN_INT_CONVERSION = YES;
				CLANG_WARN_NON_LITERAL_NULL_CONVERSION = YES;
				CLANG_WARN_OBJC_IMPLICIT_RETAIN_SELF = YES;
				CLANG_WARN_OBJC_LITERAL_CONVERSION = YES;
				CLANG_WARN_OBJC_ROOT_CLASS = YES_ERROR;
				CLANG_WARN_QUOTED_INCLUDE_IN_FRAMEWORK_HEADER = YES;
				CLANG_WARN_RANGE_LOOP_ANALYSIS = YES;
				CLANG_WARN_STRICT_PROTOTYPES = YES;
				CLANG_WARN_SUSPICIOUS_MOVE = YES;
				CLANG_WARN_UNGUARDED_AVAILABILITY = YES_AGGRESSIVE;
				CLANG_WARN_UNREACHABLE_CODE = YES;
				CLANG_WARN__DUPLICATE_METHOD_MATCH = YES;
				COPY_PHASE_STRIP = NO;
				DEBUG_INFORMATION_FORMAT = "dwarf-with-dsym";
				ENABLE_NS_ASSERTIONS = NO;
				ENABLE_STRICT_OBJC_MSGSEND = YES;
				GCC_C_LANGUAGE_STANDARD = gnu11;
				GCC_NO_COMMON_BLOCKS = YES;
				GCC_WARN_64_TO_32_BIT_CONVERSION = YES;
				GCC_WARN_ABOUT_RETURN_TYPE = YES_ERROR;
				GCC_WARN_UNDECLARED_SELECTOR = YES;
				GCC_WARN_UNINITIALIZED_AUTOS = YES_AGGRESSIVE;
				GCC_WARN_UNUSED_FUNCTION = YES;
				GCC_WARN_UNUSED_VARIABLE = YES;
				IPHONEOS_DEPLOYMENT_TARGET = 16.4;
				MTL_ENABLE_DEBUG_INFO = NO;
				MTL_FAST_MATH = YES;
				SDKROOT = iphoneos;
				SWIFT_COMPILATION_MODE = wholemodule;
				SWIFT_OPTIMIZATION_LEVEL = "-O";
				VALIDATE_PRODUCT = YES;
			};
			name = Release;
		};
		E9C574022A00014D007A42BD /* Debug */ = {
			isa = XCBuildConfiguration;
			buildSettings = {
				ASSETCATALOG_COMPILER_APPICON_NAME = AppIcon;
				ASSETCATALOG_COMPILER_GLOBAL_ACCENT_COLOR_NAME = AccentColor;
				CODE_SIGN_STYLE = Automatic;
				CURRENT_PROJECT_VERSION = 1;
				DEVELOPMENT_TEAM = HX4K89NXHF;
				GENERATE_INFOPLIST_FILE = YES;
				INFOPLIST_FILE = Task/Info.plist;
				INFOPLIST_KEY_UIApplicationSupportsIndirectInputEvents = YES;
				INFOPLIST_KEY_UILaunchStoryboardName = LaunchScreen;
				INFOPLIST_KEY_UISupportedInterfaceOrientations_iPad = "UIInterfaceOrientationPortrait UIInterfaceOrientationPortraitUpsideDown UIInterfaceOrientationLandscapeLeft UIInterfaceOrientationLandscapeRight";
				INFOPLIST_KEY_UISupportedInterfaceOrientations_iPhone = "UIInterfaceOrientationPortrait UIInterfaceOrientationLandscapeLeft UIInterfaceOrientationLandscapeRight";
				LD_RUNPATH_SEARCH_PATHS = (
					"$(inherited)",
					"@executable_path/Frameworks",
				);
				MARKETING_VERSION = 1.0;
				PRODUCT_BUNDLE_IDENTIFIER = com.iuryfaria.Task;
				PRODUCT_NAME = "$(TARGET_NAME)";
				SWIFT_EMIT_LOC_STRINGS = YES;
				SWIFT_VERSION = 5.0;
				TARGETED_DEVICE_FAMILY = "1,2";
			};
			name = Debug;
		};
		E9C574032A00014D007A42BD /* Release */ = {
			isa = XCBuildConfiguration;
			buildSettings = {
				ASSETCATALOG_COMPILER_APPICON_NAME = AppIcon;
				ASSETCATALOG_COMPILER_GLOBAL_ACCENT_COLOR_NAME = AccentColor;
				CODE_SIGN_STYLE = Automatic;
				CURRENT_PROJECT_VERSION = 1;
				DEVELOPMENT_TEAM = HX4K89NXHF;
				GENERATE_INFOPLIST_FILE = YES;
				INFOPLIST_FILE = Task/Info.plist;
				INFOPLIST_KEY_UIApplicationSupportsIndirectInputEvents = YES;
				INFOPLIST_KEY_UILaunchStoryboardName = LaunchScreen;
				INFOPLIST_KEY_UISupportedInterfaceOrientations_iPad = "UIInterfaceOrientationPortrait UIInterfaceOrientationPortraitUpsideDown UIInterfaceOrientationLandscapeLeft UIInterfaceOrientationLandscapeRight";
				INFOPLIST_KEY_UISupportedInterfaceOrientations_iPhone = "UIInterfaceOrientationPortrait UIInterfaceOrientationLandscapeLeft UIInterfaceOrientationLandscapeRight";
				LD_RUNPATH_SEARCH_PATHS = (
					"$(inherited)",
					"@executable_path/Frameworks",
				);
				MARKETING_VERSION = 1.0;
				PRODUCT_BUNDLE_IDENTIFIER = com.iuryfaria.Task;
				PRODUCT_NAME = "$(TARGET_NAME)";
				SWIFT_EMIT_LOC_STRINGS = YES;
				SWIFT_VERSION = 5.0;
				TARGETED_DEVICE_FAMILY = "1,2";
			};
			name = Release;
		};
/* End XCBuildConfiguration section */

/* Begin XCConfigurationList section */
		E9C573E82A00014C007A42BD /* Build configuration list for PBXProject "Task" */ = {
			isa = XCConfigurationList;
			buildConfigurations = (
				E9C573FF2A00014D007A42BD /* Debug */,
				E9C574002A00014D007A42BD /* Release */,
			);
			defaultConfigurationIsVisible = 0;
			defaultConfigurationName = Release;
		};
		E9C574012A00014D007A42BD /* Build configuration list for PBXNativeTarget "Task" */ = {
			isa = XCConfigurationList;
			buildConfigurations = (
				E9C574022A00014D007A42BD /* Debug */,
				E9C574032A00014D007A42BD /* Release */,
			);
			defaultConfigurationIsVisible = 0;
			defaultConfigurationName = Release;
		};
/* End XCConfigurationList section */
	};
	rootObject = E9C573E52A00014C007A42BD /* Project object */;
}
